version = 1
requires-python = ">=3.12"

[[package]]
name = "asgiref"
version = "3.8.1"
source = { registry = "https://pypi.org/simple" }
sdist = { url = "https://files.pythonhosted.org/packages/29/38/b3395cc9ad1b56d2ddac9970bc8f4141312dbaec28bc7c218b0dfafd0f42/asgiref-3.8.1.tar.gz", hash = "sha256:c343bd80a0bec947a9860adb4c432ffa7db769836c64238fc34bdc3fec84d590", size = 35186 }
wheels = [
    { url = "https://files.pythonhosted.org/packages/39/e3/893e8757be2612e6c266d9bb58ad2e3651524b5b40cf56761e985a28b13e/asgiref-3.8.1-py3-none-any.whl", hash = "sha256:3e1e3ecc849832fe52ccf2cb6686b7a55f82bb1d6aee72a58826471390335e47", size = 23828 },
]

[[package]]
name = "boto3"
version = "1.35.12"
source = { registry = "https://pypi.org/simple" }
dependencies = [
    { name = "botocore" },
    { name = "jmespath" },
    { name = "s3transfer" },
]
sdist = { url = "https://files.pythonhosted.org/packages/02/c3/ce78127d99b9f64ac3b77c8a9a626150b32bac96c150a2005bf589cf0a50/boto3-1.35.12.tar.gz", hash = "sha256:b32faab174f6f9b75fada27bcf054ab3e8846bd410ed9817d0b511109326b6b1", size = 108594 }
wheels = [
    { url = "https://files.pythonhosted.org/packages/a1/f8/cbd4240137be72c5e70e5dfc5b4cb9457fa72af4356ce0ac1c9079694df3/boto3-1.35.12-py3-none-any.whl", hash = "sha256:acaa7c75cbf483605e3c46e9ac03043a4cf5e9866940122d68b06d1defe00774", size = 139158 },
]

[[package]]
name = "botocore"
version = "1.35.12"
source = { registry = "https://pypi.org/simple" }
dependencies = [
    { name = "jmespath" },
    { name = "python-dateutil" },
    { name = "urllib3" },
]
sdist = { url = "https://files.pythonhosted.org/packages/ff/3a/05ad5df2f4e058ddb75cfc9c5ebb8bcc3d1baf3f06bf6e02e0ab746a218f/botocore-1.35.12.tar.gz", hash = "sha256:a8f8230032d090225a93763675a73c208d121bb63ed99f41ee6ad3d51b74b80d", size = 12715066 }
wheels = [
    { url = "https://files.pythonhosted.org/packages/09/87/908f878df4e96de24a4d4684321fdca82bccd44c8ccd583d000fd38f1591/botocore-1.35.12-py3-none-any.whl", hash = "sha256:cb787030415438ea6ff8381f8acd8b1107593d5ebea457fd843a5e36ba19e9a4", size = 12504010 },
]

[[package]]
name = "django"
version = "5.1.1"
source = { registry = "https://pypi.org/simple" }
dependencies = [
    { name = "asgiref" },
    { name = "sqlparse" },
    { name = "tzdata", marker = "sys_platform == 'win32'" },
]
sdist = { url = "https://files.pythonhosted.org/packages/88/6f/8f57ed6dc88656edd4fcb35c50dd963f3cd79303bd711fb0160fc7fd6ab7/Django-5.1.1.tar.gz", hash = "sha256:021ffb7fdab3d2d388bc8c7c2434eb9c1f6f4d09e6119010bbb1694dda286bc2", size = 10675933 }
wheels = [
    { url = "https://files.pythonhosted.org/packages/ba/aa/b423e37e9ba5480d3fd1d187e3fdbd09f9f71b991468881a45413522ccd3/Django-5.1.1-py3-none-any.whl", hash = "sha256:71603f27dac22a6533fb38d83072eea9ddb4017fead6f67f2562a40402d61c3f", size = 8246418 },
]

[[package]]
name = "django-environ"
version = "0.11.2"
source = { registry = "https://pypi.org/simple" }
sdist = { url = "https://files.pythonhosted.org/packages/d6/0b/f2c024529ee4bbf8b95176eebeb86c6e695192a9ce0e91059cb83a33c1d3/django-environ-0.11.2.tar.gz", hash = "sha256:f32a87aa0899894c27d4e1776fa6b477e8164ed7f6b3e410a62a6d72caaf64be", size = 54326 }
wheels = [
    { url = "https://files.pythonhosted.org/packages/c4/f1/468b49cccba3b42dda571063a14c668bb0b53a1d5712426d18e36663bd53/django_environ-0.11.2-py2.py3-none-any.whl", hash = "sha256:0ff95ab4344bfeff693836aa978e6840abef2e2f1145adff7735892711590c05", size = 19141 },
]

[[package]]
name = "django-sqlite-object-storage"
version = "0.1.1"
source = { registry = "https://pypi.org/simple" }
dependencies = [
    { name = "boto3" },
    { name = "django" },
]
sdist = { url = "https://files.pythonhosted.org/packages/cf/2e/6b9b6157fca84c70df0412aaec5546f9f7761a6f17168aa2dbef5873def5/django_sqlite_object_storage-0.1.1.tar.gz", hash = "sha256:5602b314726d5920a98857371f45a6e5992b01d97c278e68ccdb096c9aca7f96", size = 33088 }
wheels = [
    { url = "https://files.pythonhosted.org/packages/e7/cd/d5b6332ea22dfc0a932879f70efffd98e4a2bff57e566183b84144e81caf/django_sqlite_object_storage-0.1.1-py3-none-any.whl", hash = "sha256:543a730ba57e1bbe0a36ec1008ca7bd21558648713b75bc4463feb8e15935bba", size = 4711 },
]

[[package]]
name = "gunicorn"
version = "23.0.0"
source = { registry = "https://pypi.org/simple" }
dependencies = [
    { name = "packaging" },
]
sdist = { url = "https://files.pythonhosted.org/packages/34/72/9614c465dc206155d93eff0ca20d42e1e35afc533971379482de953521a4/gunicorn-23.0.0.tar.gz", hash = "sha256:f014447a0101dc57e294f6c18ca6b40227a4c90e9bdb586042628030cba004ec", size = 375031 }
wheels = [
    { url = "https://files.pythonhosted.org/packages/cb/7d/6dac2a6e1eba33ee43f318edbed4ff29151a49b5d37f080aad1e6469bca4/gunicorn-23.0.0-py3-none-any.whl", hash = "sha256:ec400d38950de4dfd418cff8328b2c8faed0edb0d517d3394e457c317908ca4d", size = 85029 },
]

[[package]]
name = "jmespath"
version = "1.0.1"
source = { registry = "https://pypi.org/simple" }
sdist = { url = "https://files.pythonhosted.org/packages/00/2a/e867e8531cf3e36b41201936b7fa7ba7b5702dbef42922193f05c8976cd6/jmespath-1.0.1.tar.gz", hash = "sha256:90261b206d6defd58fdd5e85f478bf633a2901798906be2ad389150c5c60edbe", size = 25843 }
wheels = [
    { url = "https://files.pythonhosted.org/packages/31/b4/b9b800c45527aadd64d5b442f9b932b00648617eb5d63d2c7a6587b7cafc/jmespath-1.0.1-py3-none-any.whl", hash = "sha256:02e2e4cc71b5bcab88332eebf907519190dd9e6e82107fa7f83b1003a6252980", size = 20256 },
]

[[package]]
name = "packaging"
version = "24.1"
source = { registry = "https://pypi.org/simple" }
sdist = { url = "https://files.pythonhosted.org/packages/51/65/50db4dda066951078f0a96cf12f4b9ada6e4b811516bf0262c0f4f7064d4/packaging-24.1.tar.gz", hash = "sha256:026ed72c8ed3fcce5bf8950572258698927fd1dbda10a5e981cdf0ac37f4f002", size = 148788 }
wheels = [
    { url = "https://files.pythonhosted.org/packages/08/aa/cc0199a5f0ad350994d660967a8efb233fe0416e4639146c089643407ce6/packaging-24.1-py3-none-any.whl", hash = "sha256:5b8f2217dbdbd2f7f384c41c628544e6d52f2d0f53c6d0c3ea61aa5d1d7ff124", size = 53985 },
]

[[package]]
name = "python-dateutil"
version = "2.9.0.post0"
source = { registry = "https://pypi.org/simple" }
dependencies = [
    { name = "six" },
]
sdist = { url = "https://files.pythonhosted.org/packages/66/c0/0c8b6ad9f17a802ee498c46e004a0eb49bc148f2fd230864601a86dcf6db/python-dateutil-2.9.0.post0.tar.gz", hash = "sha256:37dd54208da7e1cd875388217d5e00ebd4179249f90fb72437e91a35459a0ad3", size = 342432 }
wheels = [
    { url = "https://files.pythonhosted.org/packages/ec/57/56b9bcc3c9c6a792fcbaf139543cee77261f3651ca9da0c93f5c1221264b/python_dateutil-2.9.0.post0-py2.py3-none-any.whl", hash = "sha256:a8b2bc7bffae282281c8140a97d3aa9c14da0b136dfe83f850eea9a5f7470427", size = 229892 },
]

[[package]]
name = "s3transfer"
version = "0.10.2"
source = { registry = "https://pypi.org/simple" }
dependencies = [
    { name = "botocore" },
]
sdist = { url = "https://files.pythonhosted.org/packages/cb/67/94c6730ee4c34505b14d94040e2f31edf144c230b6b49e971b4f25ff8fab/s3transfer-0.10.2.tar.gz", hash = "sha256:0711534e9356d3cc692fdde846b4a1e4b0cb6519971860796e6bc4c7aea00ef6", size = 144095 }
wheels = [
    { url = "https://files.pythonhosted.org/packages/3c/4a/b221409913760d26cf4498b7b1741d510c82d3ad38381984a3ddc135ec66/s3transfer-0.10.2-py3-none-any.whl", hash = "sha256:eca1c20de70a39daee580aef4986996620f365c4e0fda6a86100231d62f1bf69", size = 82716 },
]

[[package]]
name = "six"
version = "1.16.0"
source = { registry = "https://pypi.org/simple" }
sdist = { url = "https://files.pythonhosted.org/packages/71/39/171f1c67cd00715f190ba0b100d606d440a28c93c7714febeca8b79af85e/six-1.16.0.tar.gz", hash = "sha256:1e61c37477a1626458e36f7b1d82aa5c9b094fa4802892072e49de9c60c4c926", size = 34041 }
wheels = [
    { url = "https://files.pythonhosted.org/packages/d9/5a/e7c31adbe875f2abbb91bd84cf2dc52d792b5a01506781dbcf25c91daf11/six-1.16.0-py2.py3-none-any.whl", hash = "sha256:8abb2f1d86890a2dfb989f9a77cfcfd3e47c2a354b01111771326f8aa26e0254", size = 11053 },
]

[[package]]
name = "sqlparse"
version = "0.5.1"
source = { registry = "https://pypi.org/simple" }
sdist = { url = "https://files.pythonhosted.org/packages/73/82/dfa23ec2cbed08a801deab02fe7c904bfb00765256b155941d789a338c68/sqlparse-0.5.1.tar.gz", hash = "sha256:bb6b4df465655ef332548e24f08e205afc81b9ab86cb1c45657a7ff173a3a00e", size = 84502 }
wheels = [
    { url = "https://files.pythonhosted.org/packages/5d/a5/b2860373aa8de1e626b2bdfdd6df4355f0565b47e51f7d0c54fe70faf8fe/sqlparse-0.5.1-py3-none-any.whl", hash = "sha256:773dcbf9a5ab44a090f3441e2180efe2560220203dc2f8c0b0fa141e18b505e4", size = 44156 },
]

[[package]]
name = "src"
version = "0.1.0"
source = { virtual = "." }
dependencies = [
    { name = "django" },
    { name = "django-environ" },
    { name = "django-sqlite-object-storage" },
    { name = "gunicorn" },
]

[package.metadata]
requires-dist = [
    { name = "django", specifier = ">=5.1.1" },
    { name = "django-environ", specifier = ">=0.11.2" },
    { name = "django-sqlite-object-storage", specifier = ">=0.1.1" },
    { name = "gunicorn", specifier = ">=23.0.0" },
]

[[package]]
name = "tzdata"
version = "2024.1"
source = { registry = "https://pypi.org/simple" }
sdist = { url = "https://files.pythonhosted.org/packages/74/5b/e025d02cb3b66b7b76093404392d4b44343c69101cc85f4d180dd5784717/tzdata-2024.1.tar.gz", hash = "sha256:2674120f8d891909751c38abcdfd386ac0a5a1127954fbc332af6b5ceae07efd", size = 190559 }
wheels = [
    { url = "https://files.pythonhosted.org/packages/65/58/f9c9e6be752e9fcb8b6a0ee9fb87e6e7a1f6bcab2cdc73f02bb7ba91ada0/tzdata-2024.1-py2.py3-none-any.whl", hash = "sha256:9068bc196136463f5245e51efda838afa15aaeca9903f49050dfa2679db4d252", size = 345370 },
]

[[package]]
name = "urllib3"
version = "2.2.2"
source = { registry = "https://pypi.org/simple" }
sdist = { url = "https://files.pythonhosted.org/packages/43/6d/fa469ae21497ddc8bc93e5877702dca7cb8f911e337aca7452b5724f1bb6/urllib3-2.2.2.tar.gz", hash = "sha256:dd505485549a7a552833da5e6063639d0d177c04f23bc3864e41e5dc5f612168", size = 292266 }
wheels = [
    { url = "https://files.pythonhosted.org/packages/ca/1c/89ffc63a9605b583d5df2be791a27bc1a42b7c32bab68d3c8f2f73a98cd4/urllib3-2.2.2-py3-none-any.whl", hash = "sha256:a448b2f64d686155468037e1ace9f2d2199776e17f0a46610480d311f73e3472", size = 121444 },
]
